
Microsoft Visual Studio Solution File, Format Version 12.00
# Visual Studio Version 17
VisualStudioVersion = 17.5.33516.290
MinimumVisualStudioVersion = 10.0.40219.1
Project("{9A19103F-16F7-4668-BE54-9A1E7A4F7556}") = "Gastos", "Gastos\Gastos.csproj", "{DDA66F90-3184-41CC-BFF4-A78C22A275A7}"
EndProject
Project("{FAE04EC0-301F-11D3-BF4B-00C04F79EFBC}") = "Logica", "Logica\Logica.csproj", "{F9197BA0-2AA6-4C7C-BE5B-A47F4F3F19E2}"
EndProject
Global
	GlobalSection(SolutionConfigurationPlatforms) = preSolution
		Debug|Any CPU = Debug|Any CPU
		Release|Any CPU = Release|Any CPU
	EndGlobalSection
	GlobalSection(ProjectConfigurationPlatforms) = postSolution
		{DDA66F90-3184-41CC-BFF4-A78C22A275A7}.Debug|Any CPU.ActiveCfg = Debug|Any CPU
		{DDA66F90-3184-41CC-BFF4-A78C22A275A7}.Debug|Any CPU.Build.0 = Debug|Any CPU
		{DDA66F90-3184-41CC-BFF4-A78C22A275A7}.Release|Any CPU.ActiveCfg = Release|Any CPU
		{DDA66F90-3184-41CC-BFF4-A78C22A275A7}.Release|Any CPU.Build.0 = Release|Any CPU
		{F9197BA0-2AA6-4C7C-BE5B-A47F4F3F19E2}.Debug|Any CPU.ActiveCfg = Debug|Any CPU
		{F9197BA0-2AA6-4C7C-BE5B-A47F4F3F19E2}.Debug|Any CPU.Build.0 = Debug|Any CPU
		{F9197BA0-2AA6-4C7C-BE5B-A47F4F3F19E2}.Release|Any CPU.ActiveCfg = Release|Any CPU
		{F9197BA0-2AA6-4C7C-BE5B-A47F4F3F19E2}.Release|Any CPU.Build.0 = Release|Any CPU
	EndGlobalSection
	GlobalSection(SolutionProperties) = preSolution
		HideSolutionNode = FALSE
	EndGlobalSection
	GlobalSection(ExtensibilityGlobals) = postSolution
		SolutionGuid = {42AFFB45-C403-4D01-AA31-4E8C3B4A6C9B}
	EndGlobalSection
EndGlobal
